
Microsoft Visual Studio Solution File, Format Version 12.00
# Visual Studio Version 16
VisualStudioVersion = 16.0.31205.134
MinimumVisualStudioVersion = 10.0.40219.1
Project("{FAE04EC0-301F-11D3-BF4B-00C04F79EFBC}") = "Tugas5_Abstract", "Tugas5_Abstract.csproj", "{9BFC679B-B8D5-4D43-B464-36358D1C0ED9}"
EndProject
Global
	GlobalSection(SolutionConfigurationPlatforms) = preSolution
		Debug|Any CPU = Debug|Any CPU
		Release|Any CPU = Release|Any CPU
	EndGlobalSection
	GlobalSection(ProjectConfigurationPlatforms) = postSolution
		{9BFC679B-B8D5-4D43-B464-36358D1C0ED9}.Debug|Any CPU.ActiveCfg = Debug|Any CPU
		{9BFC679B-B8D5-4D43-B464-36358D1C0ED9}.Debug|Any CPU.Build.0 = Debug|Any CPU
		{9BFC679B-B8D5-4D43-B464-36358D1C0ED9}.Release|Any CPU.ActiveCfg = Release|Any CPU
		{9BFC679B-B8D5-4D43-B464-36358D1C0ED9}.Release|Any CPU.Build.0 = Release|Any CPU
	EndGlobalSection
	GlobalSection(SolutionProperties) = preSolution
		HideSolutionNode = FALSE
	EndGlobalSection
	GlobalSection(ExtensibilityGlobals) = postSolution
		SolutionGuid = {43036C8A-E1A1-4D50-85B1-BF2E19081899}
	EndGlobalSection
EndGlobal
